
Microsoft Visual Studio Solution File, Format Version 12.00
# Visual Studio Version 16
VisualStudioVersion = 16.0.30907.101
MinimumVisualStudioVersion = 10.0.40219.1
Project("{FAE04EC0-301F-11D3-BF4B-00C04F79EFBC}") = "GuessTheNumber", "GuessTheNumber\GuessTheNumber.csproj", "{44FDA6F9-0F02-4103-963C-914369807682}"
EndProject
Global
	GlobalSection(SolutionConfigurationPlatforms) = preSolution
		Debug|Any CPU = Debug|Any CPU
		Release|Any CPU = Release|Any CPU
	EndGlobalSection
	GlobalSection(ProjectConfigurationPlatforms) = postSolution
		{44FDA6F9-0F02-4103-963C-914369807682}.Debug|Any CPU.ActiveCfg = Debug|Any CPU
		{44FDA6F9-0F02-4103-963C-914369807682}.Debug|Any CPU.Build.0 = Debug|Any CPU
		{44FDA6F9-0F02-4103-963C-914369807682}.Release|Any CPU.ActiveCfg = Release|Any CPU
		{44FDA6F9-0F02-4103-963C-914369807682}.Release|Any CPU.Build.0 = Release|Any CPU
	EndGlobalSection
	GlobalSection(SolutionProperties) = preSolution
		HideSolutionNode = FALSE
	EndGlobalSection
	GlobalSection(ExtensibilityGlobals) = postSolution
		SolutionGuid = {819F5966-5556-420D-A857-FBBDF7F6C2E8}
	EndGlobalSection
EndGlobal
